<?xml version="1.0" encoding="utf-8"?>
<Project ToolsVersion="4.0" xmlns="http://schemas.microsoft.com/developer/msbuild/2003">
  <ItemGroup>
    <Filter Include="Level">
      <UniqueIdentifier>{5df23444-ca8f-40f8-8c39-0d7d75f58b7d}</UniqueIdentifier>
    </Filter>
    <Filter Include="Actor">
      <UniqueIdentifier>{1c74ed1c-9761-412c-93d3-abef363512d1}</UniqueIdentifier>
    </Filter>
    <Filter Include="PreCompile">
      <UniqueIdentifier>{439c0504-814e-4f90-8507-3f4dacd0226c}</UniqueIdentifier>
    </Filter>
    <Filter Include="ContentsGUI">
      <UniqueIdentifier>{2d8a1ea8-0cec-4b20-9562-23993812cebe}</UniqueIdentifier>
    </Filter>
    <Filter Include="Actor\TestLevel2">
      <UniqueIdentifier>{67e3904a-5308-4e1f-bf28-30fc55cea661}</UniqueIdentifier>
    </Filter>
    <Filter Include="Core">
      <UniqueIdentifier>{eee3c248-3814-48af-b1f4-f221fa7a0ee6}</UniqueIdentifier>
    </Filter>
    <Filter Include="Actor\TestLevel1">
      <UniqueIdentifier>{946ca359-4aea-4651-8b6a-3b634b03b5b6}</UniqueIdentifier>
    </Filter>
    <Filter Include="Global">
      <UniqueIdentifier>{f8bb514b-fed1-4869-9a25-bd76ef00f10a}</UniqueIdentifier>
    </Filter>
  </ItemGroup>
  <ItemGroup>
    <ClInclude Include="ContentsCore.h">
      <Filter>Core</Filter>
    </ClInclude>
    <ClInclude Include="PreCompile.h">
      <Filter>PreCompile</Filter>
    </ClInclude>
    <ClInclude Include="TestLevel1.h">
      <Filter>Level</Filter>
    </ClInclude>
    <ClInclude Include="ContentsManagerGUI.h">
      <Filter>ContentsGUI</Filter>
    </ClInclude>
    <ClInclude Include="TestLevel2.h">
      <Filter>Level</Filter>
    </ClInclude>
    <ClInclude Include="Actor_Plane.h">
      <Filter>Actor\TestLevel1</Filter>
    </ClInclude>
    <ClInclude Include="Actor_Box.h">
      <Filter>Actor\TestLevel1</Filter>
    </ClInclude>
    <ClInclude Include="Actor_Character.h">
      <Filter>Actor\TestLevel2</Filter>
    </ClInclude>
    <ClInclude Include="GlobalValues.h">
      <Filter>Global</Filter>
    </ClInclude>
  </ItemGroup>
  <ItemGroup>
    <ClCompile Include="ContentsCore.cpp">
      <Filter>Core</Filter>
    </ClCompile>
    <ClCompile Include="PreCompile.cpp">
      <Filter>PreCompile</Filter>
    </ClCompile>
    <ClCompile Include="TestLevel1.cpp">
      <Filter>Level</Filter>
    </ClCompile>
    <ClCompile Include="ContentsManagerGUI.cpp">
      <Filter>ContentsGUI</Filter>
    </ClCompile>
    <ClCompile Include="TestLevel2.cpp">
      <Filter>Level</Filter>
    </ClCompile>
    <ClCompile Include="Actor_Plane.cpp">
      <Filter>Actor\TestLevel1</Filter>
    </ClCompile>
    <ClCompile Include="Actor_Box.cpp">
      <Filter>Actor\TestLevel1</Filter>
    </ClCompile>
    <ClCompile Include="Actor_Character.cpp">
      <Filter>Actor\TestLevel2</Filter>
    </ClCompile>
    <ClCompile Include="GlobalValues.cpp">
      <Filter>Global</Filter>
    </ClCompile>
  </ItemGroup>
</Project>