
Microsoft Visual Studio Solution File, Format Version 12.00
# Visual Studio Version 17
VisualStudioVersion = 17.3.32819.101
MinimumVisualStudioVersion = 10.0.40219.1
Project("{8BC9CEB8-8B4A-11D0-8D11-00A0C91BC942}") = "GameEngineBase", "GameEngineBase\GameEngineBase.vcxproj", "{33315545-4554-4677-8527-7C61BEDA9CF4}"
EndProject
Project("{8BC9CEB8-8B4A-11D0-8D11-00A0C91BC942}") = "GameEngineCore", "GameEngineCore\GameEngineCore.vcxproj", "{056025FA-EE6B-4D5A-A2F0-CA4FC17C0C6E}"
	ProjectSection(ProjectDependencies) = postProject
		{33315545-4554-4677-8527-7C61BEDA9CF4} = {33315545-4554-4677-8527-7C61BEDA9CF4}
	EndProjectSection
EndProject
Project("{8BC9CEB8-8B4A-11D0-8D11-00A0C91BC942}") = "GameEngineShader", "GameEngineResources\GameEngineShader\GameEngineShader.vcxproj", "{688CB3C2-7CC3-4E51-B028-9614041DA912}"
EndProject
Project("{8BC9CEB8-8B4A-11D0-8D11-00A0C91BC942}") = "GameEngineContents", "GameEngineContents\GameEngineContents.vcxproj", "{0D143CBD-F9FD-4345-ACAB-083421FC48DE}"
	ProjectSection(ProjectDependencies) = postProject
		{056025FA-EE6B-4D5A-A2F0-CA4FC17C0C6E} = {056025FA-EE6B-4D5A-A2F0-CA4FC17C0C6E}
		{33315545-4554-4677-8527-7C61BEDA9CF4} = {33315545-4554-4677-8527-7C61BEDA9CF4}
	EndProjectSection
EndProject
Project("{8BC9CEB8-8B4A-11D0-8D11-00A0C91BC942}") = "GameEngineApp", "GameEngineApp\GameEngineApp.vcxproj", "{75BE9C37-A153-4BC1-A3B4-9FC0951F9DF1}"
	ProjectSection(ProjectDependencies) = postProject
		{056025FA-EE6B-4D5A-A2F0-CA4FC17C0C6E} = {056025FA-EE6B-4D5A-A2F0-CA4FC17C0C6E}
		{0D143CBD-F9FD-4345-ACAB-083421FC48DE} = {0D143CBD-F9FD-4345-ACAB-083421FC48DE}
		{33315545-4554-4677-8527-7C61BEDA9CF4} = {33315545-4554-4677-8527-7C61BEDA9CF4}
	EndProjectSection
EndProject
Project("{2150E333-8FDC-42A3-9474-1A3956D46DE8}") = "Level0", "Level0", "{D21678CE-96D4-402C-A1CB-52192FB139B3}"
EndProject
Project("{2150E333-8FDC-42A3-9474-1A3956D46DE8}") = "Level1", "Level1", "{5A3AFACE-30E2-4F9A-90A6-3E6AC7EE13DB}"
EndProject
Project("{2150E333-8FDC-42A3-9474-1A3956D46DE8}") = "Level2", "Level2", "{C51BC8CB-7E28-408B-AC39-0ECEE08C52BA}"
EndProject
Project("{2150E333-8FDC-42A3-9474-1A3956D46DE8}") = "Level3", "Level3", "{6F1357CA-CBAE-4B38-BBCD-69445D6DA508}"
EndProject
Project("{8BC9CEB8-8B4A-11D0-8D11-00A0C91BC942}") = "ContentsShader", "ContentsShader\ContentsShader.vcxproj", "{EDA4BFDC-E09E-456D-9430-70AB8321F1A4}"
EndProject
Global
	GlobalSection(SolutionConfigurationPlatforms) = preSolution
		Debug|x64 = Debug|x64
		Debug|x86 = Debug|x86
		Release|x64 = Release|x64
		Release|x86 = Release|x86
	EndGlobalSection
	GlobalSection(ProjectConfigurationPlatforms) = postSolution
		{33315545-4554-4677-8527-7C61BEDA9CF4}.Debug|x64.ActiveCfg = Debug|x64
		{33315545-4554-4677-8527-7C61BEDA9CF4}.Debug|x64.Build.0 = Debug|x64
		{33315545-4554-4677-8527-7C61BEDA9CF4}.Debug|x86.ActiveCfg = Debug|Win32
		{33315545-4554-4677-8527-7C61BEDA9CF4}.Debug|x86.Build.0 = Debug|Win32
		{33315545-4554-4677-8527-7C61BEDA9CF4}.Release|x64.ActiveCfg = Release|x64
		{33315545-4554-4677-8527-7C61BEDA9CF4}.Release|x64.Build.0 = Release|x64
		{33315545-4554-4677-8527-7C61BEDA9CF4}.Release|x86.ActiveCfg = Release|Win32
		{33315545-4554-4677-8527-7C61BEDA9CF4}.Release|x86.Build.0 = Release|Win32
		{056025FA-EE6B-4D5A-A2F0-CA4FC17C0C6E}.Debug|x64.ActiveCfg = Debug|x64
		{056025FA-EE6B-4D5A-A2F0-CA4FC17C0C6E}.Debug|x64.Build.0 = Debug|x64
		{056025FA-EE6B-4D5A-A2F0-CA4FC17C0C6E}.Debug|x86.ActiveCfg = Debug|Win32
		{056025FA-EE6B-4D5A-A2F0-CA4FC17C0C6E}.Debug|x86.Build.0 = Debug|Win32
		{056025FA-EE6B-4D5A-A2F0-CA4FC17C0C6E}.Release|x64.ActiveCfg = Release|x64
		{056025FA-EE6B-4D5A-A2F0-CA4FC17C0C6E}.Release|x64.Build.0 = Release|x64
		{056025FA-EE6B-4D5A-A2F0-CA4FC17C0C6E}.Release|x86.ActiveCfg = Release|Win32
		{056025FA-EE6B-4D5A-A2F0-CA4FC17C0C6E}.Release|x86.Build.0 = Release|Win32
		{688CB3C2-7CC3-4E51-B028-9614041DA912}.Debug|x64.ActiveCfg = Debug|x64
		{688CB3C2-7CC3-4E51-B028-9614041DA912}.Debug|x64.Build.0 = Debug|x64
		{688CB3C2-7CC3-4E51-B028-9614041DA912}.Debug|x86.ActiveCfg = Debug|Win32
		{688CB3C2-7CC3-4E51-B028-9614041DA912}.Debug|x86.Build.0 = Debug|Win32
		{688CB3C2-7CC3-4E51-B028-9614041DA912}.Release|x64.ActiveCfg = Release|x64
		{688CB3C2-7CC3-4E51-B028-9614041DA912}.Release|x64.Build.0 = Release|x64
		{688CB3C2-7CC3-4E51-B028-9614041DA912}.Release|x86.ActiveCfg = Release|Win32
		{688CB3C2-7CC3-4E51-B028-9614041DA912}.Release|x86.Build.0 = Release|Win32
		{0D143CBD-F9FD-4345-ACAB-083421FC48DE}.Debug|x64.ActiveCfg = Debug|x64
		{0D143CBD-F9FD-4345-ACAB-083421FC48DE}.Debug|x64.Build.0 = Debug|x64
		{0D143CBD-F9FD-4345-ACAB-083421FC48DE}.Debug|x86.ActiveCfg = Debug|Win32
		{0D143CBD-F9FD-4345-ACAB-083421FC48DE}.Debug|x86.Build.0 = Debug|Win32
		{0D143CBD-F9FD-4345-ACAB-083421FC48DE}.Release|x64.ActiveCfg = Release|x64
		{0D143CBD-F9FD-4345-ACAB-083421FC48DE}.Release|x64.Build.0 = Release|x64
		{0D143CBD-F9FD-4345-ACAB-083421FC48DE}.Release|x86.ActiveCfg = Release|Win32
		{0D143CBD-F9FD-4345-ACAB-083421FC48DE}.Release|x86.Build.0 = Release|Win32
		{75BE9C37-A153-4BC1-A3B4-9FC0951F9DF1}.Debug|x64.ActiveCfg = Debug|x64
		{75BE9C37-A153-4BC1-A3B4-9FC0951F9DF1}.Debug|x64.Build.0 = Debug|x64
		{75BE9C37-A153-4BC1-A3B4-9FC0951F9DF1}.Debug|x86.ActiveCfg = Debug|Win32
		{75BE9C37-A153-4BC1-A3B4-9FC0951F9DF1}.Debug|x86.Build.0 = Debug|Win32
		{75BE9C37-A153-4BC1-A3B4-9FC0951F9DF1}.Release|x64.ActiveCfg = Release|x64
		{75BE9C37-A153-4BC1-A3B4-9FC0951F9DF1}.Release|x64.Build.0 = Release|x64
		{75BE9C37-A153-4BC1-A3B4-9FC0951F9DF1}.Release|x86.ActiveCfg = Release|Win32
		{75BE9C37-A153-4BC1-A3B4-9FC0951F9DF1}.Release|x86.Build.0 = Release|Win32
		{EDA4BFDC-E09E-456D-9430-70AB8321F1A4}.Debug|x64.ActiveCfg = Debug|x64
		{EDA4BFDC-E09E-456D-9430-70AB8321F1A4}.Debug|x64.Build.0 = Debug|x64
		{EDA4BFDC-E09E-456D-9430-70AB8321F1A4}.Debug|x86.ActiveCfg = Debug|Win32
		{EDA4BFDC-E09E-456D-9430-70AB8321F1A4}.Debug|x86.Build.0 = Debug|Win32
		{EDA4BFDC-E09E-456D-9430-70AB8321F1A4}.Release|x64.ActiveCfg = Release|x64
		{EDA4BFDC-E09E-456D-9430-70AB8321F1A4}.Release|x64.Build.0 = Release|x64
		{EDA4BFDC-E09E-456D-9430-70AB8321F1A4}.Release|x86.ActiveCfg = Release|Win32
		{EDA4BFDC-E09E-456D-9430-70AB8321F1A4}.Release|x86.Build.0 = Release|Win32
	EndGlobalSection
	GlobalSection(SolutionProperties) = preSolution
		HideSolutionNode = FALSE
	EndGlobalSection
	GlobalSection(NestedProjects) = preSolution
		{33315545-4554-4677-8527-7C61BEDA9CF4} = {D21678CE-96D4-402C-A1CB-52192FB139B3}
		{056025FA-EE6B-4D5A-A2F0-CA4FC17C0C6E} = {5A3AFACE-30E2-4F9A-90A6-3E6AC7EE13DB}
		{688CB3C2-7CC3-4E51-B028-9614041DA912} = {5A3AFACE-30E2-4F9A-90A6-3E6AC7EE13DB}
		{0D143CBD-F9FD-4345-ACAB-083421FC48DE} = {C51BC8CB-7E28-408B-AC39-0ECEE08C52BA}
		{75BE9C37-A153-4BC1-A3B4-9FC0951F9DF1} = {6F1357CA-CBAE-4B38-BBCD-69445D6DA508}
		{EDA4BFDC-E09E-456D-9430-70AB8321F1A4} = {C51BC8CB-7E28-408B-AC39-0ECEE08C52BA}
	EndGlobalSection
	GlobalSection(ExtensibilityGlobals) = postSolution
		SolutionGuid = {78770F1D-48F6-4F3D-883E-753E5400B234}
	EndGlobalSection
EndGlobal
